{
  "name": "@vulcan-sql-demo/mock-template-provider",
  "lockfileVersion": 2,
  "requires": true,
  "packages": {
    "": {
      "name": "@vulcan-sql-demo/mock-template-provider",
      "devDependencies": {
        "@types/node": "*",
        "typescript": "^4.8.4"
      }
    },
    "node_modules/@types/node": {
      "version": "14.18.32",
      "resolved": "https://registry.npmjs.org/@types/node/-/node-14.18.32.tgz",
      "integrity": "sha512-Y6S38pFr04yb13qqHf8uk1nHE3lXgQ30WZbv1mLliV9pt0NjvqdWttLcrOYLnXbOafknVYRHZGoMSpR9UwfYow==",
      "dev": true
    },
    "node_modules/typescript": {
      "version": "4.8.4",
      "dev": true,
      "license": "Apache-2.0",
      "bin": {
        "tsc": "bin/tsc",
        "tsserver": "bin/tsserver"
      },
      "engines": {
        "node": ">=4.2.0"
      }
    }
  },
  "dependencies": {
    "@types/node": {
      "version": "14.18.32",
      "resolved": "https://registry.npmjs.org/@types/node/-/node-14.18.32.tgz",
      "integrity": "sha512-Y6S38pFr04yb13qqHf8uk1nHE3lXgQ30WZbv1mLliV9pt0NjvqdWttLcrOYLnXbOafknVYRHZGoMSpR9UwfYow==",
      "dev": true
    },
    "typescript": {
      "version": "4.8.4",
      "dev": true
    }
  }
}
